
Microsoft Visual Studio Solution File, Format Version 12.00
# Visual Studio 14
VisualStudioVersion = 14.0.25420.1
MinimumVisualStudioVersion = 10.0.40219.1
Project("{FAE04EC0-301F-11D3-BF4B-00C04F79EFBC}") = "PwrBot", "PwrBot\PwrBot.csproj", "{36D4EF62-6960-4005-A16C-25BD30BD45FB}"
EndProject
Project("{FAE04EC0-301F-11D3-BF4B-00C04F79EFBC}") = "PwrBot.Tests", "PwrBot.Tests\PwrBot.Tests.csproj", "{7640E324-1469-4BA4-A6C3-82853E87C033}"
EndProject
Project("{888888A0-9F3D-457C-B088-3A5042F75D52}") = "WikiAnalyser", "WikiAnalyser\WikiAnalyser.pyproj", "{DE56790C-D1EA-4785-8445-5348D9308AB7}"
EndProject
Global
	GlobalSection(SolutionConfigurationPlatforms) = preSolution
		Debug|Any CPU = Debug|Any CPU
		Release|Any CPU = Release|Any CPU
	EndGlobalSection
	GlobalSection(ProjectConfigurationPlatforms) = postSolution
		{36D4EF62-6960-4005-A16C-25BD30BD45FB}.Debug|Any CPU.ActiveCfg = Debug|Any CPU
		{36D4EF62-6960-4005-A16C-25BD30BD45FB}.Debug|Any CPU.Build.0 = Debug|Any CPU
		{36D4EF62-6960-4005-A16C-25BD30BD45FB}.Release|Any CPU.ActiveCfg = Release|Any CPU
		{36D4EF62-6960-4005-A16C-25BD30BD45FB}.Release|Any CPU.Build.0 = Release|Any CPU
		{7640E324-1469-4BA4-A6C3-82853E87C033}.Debug|Any CPU.ActiveCfg = Debug|Any CPU
		{7640E324-1469-4BA4-A6C3-82853E87C033}.Debug|Any CPU.Build.0 = Debug|Any CPU
		{7640E324-1469-4BA4-A6C3-82853E87C033}.Release|Any CPU.ActiveCfg = Release|Any CPU
		{7640E324-1469-4BA4-A6C3-82853E87C033}.Release|Any CPU.Build.0 = Release|Any CPU
		{DE56790C-D1EA-4785-8445-5348D9308AB7}.Debug|Any CPU.ActiveCfg = Debug|Any CPU
		{DE56790C-D1EA-4785-8445-5348D9308AB7}.Release|Any CPU.ActiveCfg = Release|Any CPU
	EndGlobalSection
	GlobalSection(SolutionProperties) = preSolution
		HideSolutionNode = FALSE
	EndGlobalSection
EndGlobal
